
Microsoft Visual Studio Solution File, Format Version 12.00
# Visual Studio Version 17
VisualStudioVersion = 17.9.34622.214
MinimumVisualStudioVersion = 10.0.40219.1
Project("{9A19103F-16F7-4668-BE54-9A1E7A4F7556}") = "PrioridadesProject", "PrioridadesProject.csproj", "{2F66F21F-F6AF-4520-8A18-24DD806420C1}"
EndProject
Project("{9A19103F-16F7-4668-BE54-9A1E7A4F7556}") = "PrioridadesProject.API", "..\PrioridadesProject.API\PrioridadesProject.API.csproj", "{A4E4810A-F4E1-43E2-8324-897F7856E282}"
EndProject
Project("{9A19103F-16F7-4668-BE54-9A1E7A4F7556}") = "LibreriaPrioridades", "..\LibreriaPrioridades\LibreriaPrioridades.csproj", "{318628F6-FD26-47E9-838D-1BBEBD5261D5}"
EndProject
Global
	GlobalSection(SolutionConfigurationPlatforms) = preSolution
		Debug|Any CPU = Debug|Any CPU
		Release|Any CPU = Release|Any CPU
	EndGlobalSection
	GlobalSection(ProjectConfigurationPlatforms) = postSolution
		{2F66F21F-F6AF-4520-8A18-24DD806420C1}.Debug|Any CPU.ActiveCfg = Debug|Any CPU
		{2F66F21F-F6AF-4520-8A18-24DD806420C1}.Debug|Any CPU.Build.0 = Debug|Any CPU
		{2F66F21F-F6AF-4520-8A18-24DD806420C1}.Release|Any CPU.ActiveCfg = Release|Any CPU
		{2F66F21F-F6AF-4520-8A18-24DD806420C1}.Release|Any CPU.Build.0 = Release|Any CPU
		{A4E4810A-F4E1-43E2-8324-897F7856E282}.Debug|Any CPU.ActiveCfg = Debug|Any CPU
		{A4E4810A-F4E1-43E2-8324-897F7856E282}.Debug|Any CPU.Build.0 = Debug|Any CPU
		{A4E4810A-F4E1-43E2-8324-897F7856E282}.Release|Any CPU.ActiveCfg = Release|Any CPU
		{A4E4810A-F4E1-43E2-8324-897F7856E282}.Release|Any CPU.Build.0 = Release|Any CPU
		{318628F6-FD26-47E9-838D-1BBEBD5261D5}.Debug|Any CPU.ActiveCfg = Debug|Any CPU
		{318628F6-FD26-47E9-838D-1BBEBD5261D5}.Debug|Any CPU.Build.0 = Debug|Any CPU
		{318628F6-FD26-47E9-838D-1BBEBD5261D5}.Release|Any CPU.ActiveCfg = Release|Any CPU
		{318628F6-FD26-47E9-838D-1BBEBD5261D5}.Release|Any CPU.Build.0 = Release|Any CPU
	EndGlobalSection
	GlobalSection(SolutionProperties) = preSolution
		HideSolutionNode = FALSE
	EndGlobalSection
	GlobalSection(ExtensibilityGlobals) = postSolution
		SolutionGuid = {01A24CC4-DAB3-4C42-A285-F88A41568AF2}
	EndGlobalSection
EndGlobal
